{
    "default": {
        "IPTCInfo": "==1.9.5.post6",
        "lazy-object-proxy": "==1.2.2",
        "PyYAML": "==3.12",
        "six": "==1.10.0",
        "pylint": "==1.6.5",
        "packaging": "==16.8",
        "argh": "==0.26.2",
        "backports.functools-lru-cache": "==1.3",
        "watchdog": "==0.8.3",
        "pyparsing": "==2.1.10",
        "appdirs": "==1.4.0",
        "configparser": "==3.5.0",
        "astroid": "==1.4.9",
        "oauthlib": "==2.0.1",
        "wrapt": "==1.10.8",
        "-e git+git@github.com:eliask/flickrsmartsync.git@98b2b4e063741ab345f9fe7c831d162a0b525e45#egg=flickrsmartsync": "*",
        "pathtools": "==0.1.2",
        "mccabe": "==0.6.1",
        "future": "==0.16.0",
        "requests-oauthlib": "==0.8.0",
        "flickrapi": "==2.2.1",
        "isort": "==4.2.5",
        "requests": "==2.13.0",
        "requests-toolbelt": "==0.7.1"
    },
    "develop": {
        "IPTCInfo": "==1.9.5.post6",
        "lazy-object-proxy": "==1.2.2",
        "PyYAML": "==3.12",
        "six": "==1.10.0",
        "pylint": "==1.6.5",
        "packaging": "==16.8",
        "backports.functools-lru-cache": "==1.3",
        "watchdog": "==0.8.3",
        "pyparsing": "==2.1.10",
        "appdirs": "==1.4.0",
        "requests-toolbelt": "==0.7.1",
        "astroid": "==1.4.9",
        "oauthlib": "==2.0.1",
        "wrapt": "==1.10.8",
        "-e git+git@github.com:eliask/flickrsmartsync.git@98b2b4e063741ab345f9fe7c831d162a0b525e45#egg=flickrsmartsync": "*",
        "pathtools": "==0.1.2",
        "mccabe": "==0.6.1",
        "future": "==0.16.0",
        "isort": "==4.2.5",
        "flickrapi": "==2.2.1",
        "requests-oauthlib": "==0.8.0",
        "requests": "==2.13.0",
        "configparser": "==3.5.0",
        "argh": "==0.26.2"
    },
    "_meta": {
        "sources": [
            {
                "url": "https://pypi.org/",
                "verify_ssl": true
            }
        ],
        "requires": {},
        "Pipfile-sha256": "c0c93983d43423874f7ad82312a3989319cd674e63f525e423de74d0d78b5afc"
    }
}